
Microsoft Visual Studio Solution File, Format Version 12.00
# Visual Studio Version 16
VisualStudioVersion = 16.0.30114.105
MinimumVisualStudioVersion = 10.0.40219.1
Project("{9A19103F-16F7-4668-BE54-9A1E7A4F7556}") = "Dotnet-Backend", "dotnet-swagger\Dotnet-Backend.csproj", "{5813C02F-E972-4AAA-A1F4-7C5AD1162F36}"
EndProject
Project("{9A19103F-16F7-4668-BE54-9A1E7A4F7556}") = "Frontend", "frontend\Frontend.csproj", "{5DD5A016-7055-4192-ABD6-3890E4D67367}"
EndProject
Global
	GlobalSection(SolutionConfigurationPlatforms) = preSolution
		Debug|Any CPU = Debug|Any CPU
		Release|Any CPU = Release|Any CPU
	EndGlobalSection
	GlobalSection(ProjectConfigurationPlatforms) = postSolution
		{5813C02F-E972-4AAA-A1F4-7C5AD1162F36}.Debug|Any CPU.ActiveCfg = Debug|Any CPU
		{5813C02F-E972-4AAA-A1F4-7C5AD1162F36}.Debug|Any CPU.Build.0 = Debug|Any CPU
		{5813C02F-E972-4AAA-A1F4-7C5AD1162F36}.Release|Any CPU.ActiveCfg = Release|Any CPU
		{5813C02F-E972-4AAA-A1F4-7C5AD1162F36}.Release|Any CPU.Build.0 = Release|Any CPU
		{5DD5A016-7055-4192-ABD6-3890E4D67367}.Debug|Any CPU.ActiveCfg = Debug|Any CPU
		{5DD5A016-7055-4192-ABD6-3890E4D67367}.Debug|Any CPU.Build.0 = Debug|Any CPU
		{5DD5A016-7055-4192-ABD6-3890E4D67367}.Release|Any CPU.ActiveCfg = Release|Any CPU
		{5DD5A016-7055-4192-ABD6-3890E4D67367}.Release|Any CPU.Build.0 = Release|Any CPU
	EndGlobalSection
	GlobalSection(SolutionProperties) = preSolution
		HideSolutionNode = FALSE
	EndGlobalSection
	GlobalSection(ExtensibilityGlobals) = postSolution
		SolutionGuid = {206D7235-7C5F-4B13-B59B-E283360B254C}
	EndGlobalSection
EndGlobal
